// !$*UTF8*$!
{
	archiveVersion = 1;
	classes = {
	};
	objectVersion = 55;
	objects = {

/* Begin PBXBuildFile section */
		DF75D30E2741BF9000BDF746 /* json_bundleApp.swift in Sources */ = {isa = PBXBuildFile; fileRef = DF75D2FE2741BF8F00BDF746 /* json_bundleApp.swift */; };
		DF75D30F2741BF9000BDF746 /* json_bundleApp.swift in Sources */ = {isa = PBXBuildFile; fileRef = DF75D2FE2741BF8F00BDF746 /* json_bundleApp.swift */; };
		DF75D3102741BF9000BDF746 /* ContentView.swift in Sources */ = {isa = PBXBuildFile; fileRef = DF75D2FF2741BF8F00BDF746 /* ContentView.swift */; };
		DF75D3112741BF9000BDF746 /* ContentView.swift in Sources */ = {isa = PBXBuildFile; fileRef = DF75D2FF2741BF8F00BDF746 /* ContentView.swift */; };
		DF75D3122741BF9000BDF746 /* Assets.xcassets in Resources */ = {isa = PBXBuildFile; fileRef = DF75D3002741BF9000BDF746 /* Assets.xcassets */; };
		DF75D3132741BF9000BDF746 /* Assets.xcassets in Resources */ = {isa = PBXBuildFile; fileRef = DF75D3002741BF9000BDF746 /* Assets.xcassets */; };
		DF75D31F2741BFDB00BDF746 /* json_bundle.swift in Sources */ = {isa = PBXBuildFile; fileRef = DF75D31E2741BFDB00BDF746 /* json_bundle.swift */; };
		DF75D3252742226000BDF746 /* data.json in Resources */ = {isa = PBXBuildFile; fileRef = DF75D3242742225F00BDF746 /* data.json */; };
		DF75D3262742226000BDF746 /* data.json in Resources */ = {isa = PBXBuildFile; fileRef = DF75D3242742225F00BDF746 /* data.json */; };
		DFF445362743041D00F230A3 /* user2.swift in Sources */ = {isa = PBXBuildFile; fileRef = DFF445352743041D00F230A3 /* user2.swift */; };
		DFF445372743041D00F230A3 /* user2.swift in Sources */ = {isa = PBXBuildFile; fileRef = DFF445352743041D00F230A3 /* user2.swift */; };
/* End PBXBuildFile section */

/* Begin PBXFileReference section */
		DF75D2FE2741BF8F00BDF746 /* json_bundleApp.swift */ = {isa = PBXFileReference; lastKnownFileType = sourcecode.swift; path = json_bundleApp.swift; sourceTree = "<group>"; };
		DF75D2FF2741BF8F00BDF746 /* ContentView.swift */ = {isa = PBXFileReference; lastKnownFileType = sourcecode.swift; path = ContentView.swift; sourceTree = "<group>"; };
		DF75D3002741BF9000BDF746 /* Assets.xcassets */ = {isa = PBXFileReference; lastKnownFileType = folder.assetcatalog; path = Assets.xcassets; sourceTree = "<group>"; };
		DF75D3052741BF9000BDF746 /* json_bundle.app */ = {isa = PBXFileReference; explicitFileType = wrapper.application; includeInIndex = 0; path = json_bundle.app; sourceTree = BUILT_PRODUCTS_DIR; };
		DF75D30B2741BF9000BDF746 /* json_bundle.app */ = {isa = PBXFileReference; explicitFileType = wrapper.application; includeInIndex = 0; path = json_bundle.app; sourceTree = BUILT_PRODUCTS_DIR; };
		DF75D30D2741BF9000BDF746 /* macOS.entitlements */ = {isa = PBXFileReference; lastKnownFileType = text.plist.entitlements; path = macOS.entitlements; sourceTree = "<group>"; };
		DF75D31E2741BFDB00BDF746 /* json_bundle.swift */ = {isa = PBXFileReference; lastKnownFileType = sourcecode.swift; path = json_bundle.swift; sourceTree = "<group>"; };
		DF75D3242742225F00BDF746 /* data.json */ = {isa = PBXFileReference; lastKnownFileType = text.json; path = data.json; sourceTree = "<group>"; };
		DFF445352743041D00F230A3 /* user2.swift */ = {isa = PBXFileReference; lastKnownFileType = sourcecode.swift; path = user2.swift; sourceTree = "<group>"; };
/* End PBXFileReference section */

/* Begin PBXFrameworksBuildPhase section */
		DF75D3022741BF9000BDF746 /* Frameworks */ = {
			isa = PBXFrameworksBuildPhase;
			buildActionMask = 2147483647;
			files = (
			);
			runOnlyForDeploymentPostprocessing = 0;
		};
		DF75D3082741BF9000BDF746 /* Frameworks */ = {
			isa = PBXFrameworksBuildPhase;
			buildActionMask = 2147483647;
			files = (
			);
			runOnlyForDeploymentPostprocessing = 0;
		};
/* End PBXFrameworksBuildPhase section */

/* Begin PBXGroup section */
		DF75D2F82741BF8F00BDF746 = {
			isa = PBXGroup;
			children = (
				DF75D2FF2741BF8F00BDF746 /* ContentView.swift */,
				DF75D3242742225F00BDF746 /* data.json */,
				DFF445352743041D00F230A3 /* user2.swift */,
				DF75D2FE2741BF8F00BDF746 /* json_bundleApp.swift */,
				DF75D3202741C01400BDF746 /* data */,
				DF75D31D2741BFA700BDF746 /* model */,
				DF75D31C2741BF9E00BDF746 /* views */,
				DF75D2FD2741BF8F00BDF746 /* Shared */,
				DF75D30C2741BF9000BDF746 /* macOS */,
				DF75D3062741BF9000BDF746 /* Products */,
			);
			sourceTree = "<group>";
		};
		DF75D2FD2741BF8F00BDF746 /* Shared */ = {
			isa = PBXGroup;
			children = (
				DF75D3002741BF9000BDF746 /* Assets.xcassets */,
			);
			path = Shared;
			sourceTree = "<group>";
		};
		DF75D3062741BF9000BDF746 /* Products */ = {
			isa = PBXGroup;
			children = (
				DF75D3052741BF9000BDF746 /* json_bundle.app */,
				DF75D30B2741BF9000BDF746 /* json_bundle.app */,
			);
			name = Products;
			sourceTree = "<group>";
		};
		DF75D30C2741BF9000BDF746 /* macOS */ = {
			isa = PBXGroup;
			children = (
				DF75D30D2741BF9000BDF746 /* macOS.entitlements */,
			);
			path = macOS;
			sourceTree = "<group>";
		};
		DF75D31C2741BF9E00BDF746 /* views */ = {
			isa = PBXGroup;
			children = (
			);
			path = views;
			sourceTree = "<group>";
		};
		DF75D31D2741BFA700BDF746 /* model */ = {
			isa = PBXGroup;
			children = (
				DF75D31E2741BFDB00BDF746 /* json_bundle.swift */,
			);
			path = model;
			sourceTree = "<group>";
		};
		DF75D3202741C01400BDF746 /* data */ = {
			isa = PBXGroup;
			children = (
			);
			path = data;
			sourceTree = "<group>";
		};
/* End PBXGroup section */

/* Begin PBXNativeTarget section */
		DF75D3042741BF9000BDF746 /* json_bundle (iOS) */ = {
			isa = PBXNativeTarget;
			buildConfigurationList = DF75D3162741BF9000BDF746 /* Build configuration list for PBXNativeTarget "json_bundle (iOS)" */;
			buildPhases = (
				DF75D3012741BF9000BDF746 /* Sources */,
				DF75D3022741BF9000BDF746 /* Frameworks */,
				DF75D3032741BF9000BDF746 /* Resources */,
			);
			buildRules = (
			);
			dependencies = (
			);
			name = "json_bundle (iOS)";
			productName = "json_bundle (iOS)";
			productReference = DF75D3052741BF9000BDF746 /* json_bundle.app */;
			productType = "com.apple.product-type.application";
		};
		DF75D30A2741BF9000BDF746 /* json_bundle (macOS) */ = {
			isa = PBXNativeTarget;
			buildConfigurationList = DF75D3192741BF9000BDF746 /* Build configuration list for PBXNativeTarget "json_bundle (macOS)" */;
			buildPhases = (
				DF75D3072741BF9000BDF746 /* Sources */,
				DF75D3082741BF9000BDF746 /* Frameworks */,
				DF75D3092741BF9000BDF746 /* Resources */,
			);
			buildRules = (
			);
			dependencies = (
			);
			name = "json_bundle (macOS)";
			productName = "json_bundle (macOS)";
			productReference = DF75D30B2741BF9000BDF746 /* json_bundle.app */;
			productType = "com.apple.product-type.application";
		};
/* End PBXNativeTarget section */

/* Begin PBXProject section */
		DF75D2F92741BF8F00BDF746 /* Project object */ = {
			isa = PBXProject;
			attributes = {
				BuildIndependentTargetsInParallel = 1;
				LastSwiftUpdateCheck = 1310;
				LastUpgradeCheck = 1310;
				TargetAttributes = {
					DF75D3042741BF9000BDF746 = {
						CreatedOnToolsVersion = 13.1;
					};
					DF75D30A2741BF9000BDF746 = {
						CreatedOnToolsVersion = 13.1;
					};
				};
			};
			buildConfigurationList = DF75D2FC2741BF8F00BDF746 /* Build configuration list for PBXProject "json_bundle" */;
			compatibilityVersion = "Xcode 13.0";
			developmentRegion = en;
			hasScannedForEncodings = 0;
			knownRegions = (
				en,
				Base,
			);
			mainGroup = DF75D2F82741BF8F00BDF746;
			productRefGroup = DF75D3062741BF9000BDF746 /* Products */;
			projectDirPath = "";
			projectRoot = "";
			targets = (
				DF75D3042741BF9000BDF746 /* json_bundle (iOS) */,
				DF75D30A2741BF9000BDF746 /* json_bundle (macOS) */,
			);
		};
/* End PBXProject section */

/* Begin PBXResourcesBuildPhase section */
		DF75D3032741BF9000BDF746 /* Resources */ = {
			isa = PBXResourcesBuildPhase;
			buildActionMask = 2147483647;
			files = (
				DF75D3122741BF9000BDF746 /* Assets.xcassets in Resources */,
				DF75D3252742226000BDF746 /* data.json in Resources */,
			);
			runOnlyForDeploymentPostprocessing = 0;
		};
		DF75D3092741BF9000BDF746 /* Resources */ = {
			isa = PBXResourcesBuildPhase;
			buildActionMask = 2147483647;
			files = (
				DF75D3132741BF9000BDF746 /* Assets.xcassets in Resources */,
				DF75D3262742226000BDF746 /* data.json in Resources */,
			);
			runOnlyForDeploymentPostprocessing = 0;
		};
/* End PBXResourcesBuildPhase section */

/* Begin PBXSourcesBuildPhase section */
		DF75D3012741BF9000BDF746 /* Sources */ = {
			isa = PBXSourcesBuildPhase;
			buildActionMask = 2147483647;
			files = (
				DF75D3102741BF9000BDF746 /* ContentView.swift in Sources */,
				DF75D30E2741BF9000BDF746 /* json_bundleApp.swift in Sources */,
				DF75D31F2741BFDB00BDF746 /* json_bundle.swift in Sources */,
				DFF445362743041D00F230A3 /* user2.swift in Sources */,
			);
			runOnlyForDeploymentPostprocessing = 0;
		};
		DF75D3072741BF9000BDF746 /* Sources */ = {
			isa = PBXSourcesBuildPhase;
			buildActionMask = 2147483647;
			files = (
				DFF445372743041D00F230A3 /* user2.swift in Sources */,
				DF75D3112741BF9000BDF746 /* ContentView.swift in Sources */,
				DF75D30F2741BF9000BDF746 /* json_bundleApp.swift in Sources */,
			);
			runOnlyForDeploymentPostprocessing = 0;
		};
/* End PBXSourcesBuildPhase section */

/* Begin XCBuildConfiguration section */
		DF75D3142741BF9000BDF746 /* Debug */ = {
			isa = XCBuildConfiguration;
			buildSettings = {
				ALWAYS_SEARCH_USER_PATHS = NO;
				CLANG_ANALYZER_NONNULL = YES;
				CLANG_ANALYZER_NUMBER_OBJECT_CONVERSION = YES_AGGRESSIVE;
				CLANG_CXX_LANGUAGE_STANDARD = "gnu++17";
				CLANG_CXX_LIBRARY = "libc++";
				CLANG_ENABLE_MODULES = YES;
				CLANG_ENABLE_OBJC_ARC = YES;
				CLANG_ENABLE_OBJC_WEAK = YES;
				CLANG_WARN_BLOCK_CAPTURE_AUTORELEASING = YES;
				CLANG_WARN_BOOL_CONVERSION = YES;
				CLANG_WARN_COMMA = YES;
				CLANG_WARN_CONSTANT_CONVERSION = YES;
				CLANG_WARN_DEPRECATED_OBJC_IMPLEMENTATIONS = YES;
				CLANG_WARN_DIRECT_OBJC_ISA_USAGE = YES_ERROR;
				CLANG_WARN_DOCUMENTATION_COMMENTS = YES;
				CLANG_WARN_EMPTY_BODY = YES;
				CLANG_WARN_ENUM_CONVERSION = YES;
				CLANG_WARN_INFINITE_RECURSION = YES;
				CLANG_WARN_INT_CONVERSION = YES;
				CLANG_WARN_NON_LITERAL_NULL_CONVERSION = YES;
				CLANG_WARN_OBJC_IMPLICIT_RETAIN_SELF = YES;
				CLANG_WARN_OBJC_LITERAL_CONVERSION = YES;
				CLANG_WARN_OBJC_ROOT_CLASS = YES_ERROR;
				CLANG_WARN_QUOTED_INCLUDE_IN_FRAMEWORK_HEADER = YES;
				CLANG_WARN_RANGE_LOOP_ANALYSIS = YES;
				CLANG_WARN_STRICT_PROTOTYPES = YES;
				CLANG_WARN_SUSPICIOUS_MOVE = YES;
				CLANG_WARN_UNGUARDED_AVAILABILITY = YES_AGGRESSIVE;
				CLANG_WARN_UNREACHABLE_CODE = YES;
				CLANG_WARN__DUPLICATE_METHOD_MATCH = YES;
				COPY_PHASE_STRIP = NO;
				DEBUG_INFORMATION_FORMAT = dwarf;
				ENABLE_STRICT_OBJC_MSGSEND = YES;
				ENABLE_TESTABILITY = YES;
				GCC_C_LANGUAGE_STANDARD = gnu11;
				GCC_DYNAMIC_NO_PIC = NO;
				GCC_NO_COMMON_BLOCKS = YES;
				GCC_OPTIMIZATION_LEVEL = 0;
				GCC_PREPROCESSOR_DEFINITIONS = (
					"DEBUG=1",
					"$(inherited)",
				);
				GCC_WARN_64_TO_32_BIT_CONVERSION = YES;
				GCC_WARN_ABOUT_RETURN_TYPE = YES_ERROR;
				GCC_WARN_UNDECLARED_SELECTOR = YES;
				GCC_WARN_UNINITIALIZED_AUTOS = YES_AGGRESSIVE;
				GCC_WARN_UNUSED_FUNCTION = YES;
				GCC_WARN_UNUSED_VARIABLE = YES;
				IPHONEOS_DEPLOYMENT_TARGET = 15.0;
				MACOSX_DEPLOYMENT_TARGET = 12.0;
				MTL_ENABLE_DEBUG_INFO = INCLUDE_SOURCE;
				MTL_FAST_MATH = YES;
				ONLY_ACTIVE_ARCH = YES;
				SWIFT_ACTIVE_COMPILATION_CONDITIONS = DEBUG;
				SWIFT_OPTIMIZATION_LEVEL = "-Onone";
			};
			name = Debug;
		};
		DF75D3152741BF9000BDF746 /* Release */ = {
			isa = XCBuildConfiguration;
			buildSettings = {
				ALWAYS_SEARCH_USER_PATHS = NO;
				CLANG_ANALYZER_NONNULL = YES;
				CLANG_ANALYZER_NUMBER_OBJECT_CONVERSION = YES_AGGRESSIVE;
				CLANG_CXX_LANGUAGE_STANDARD = "gnu++17";
				CLANG_CXX_LIBRARY = "libc++";
				CLANG_ENABLE_MODULES = YES;
				CLANG_ENABLE_OBJC_ARC = YES;
				CLANG_ENABLE_OBJC_WEAK = YES;
				CLANG_WARN_BLOCK_CAPTURE_AUTORELEASING = YES;
				CLANG_WARN_BOOL_CONVERSION = YES;
				CLANG_WARN_COMMA = YES;
				CLANG_WARN_CONSTANT_CONVERSION = YES;
				CLANG_WARN_DEPRECATED_OBJC_IMPLEMENTATIONS = YES;
				CLANG_WARN_DIRECT_OBJC_ISA_USAGE = YES_ERROR;
				CLANG_WARN_DOCUMENTATION_COMMENTS = YES;
				CLANG_WARN_EMPTY_BODY = YES;
				CLANG_WARN_ENUM_CONVERSION = YES;
				CLANG_WARN_INFINITE_RECURSION = YES;
				CLANG_WARN_INT_CONVERSION = YES;
				CLANG_WARN_NON_LITERAL_NULL_CONVERSION = YES;
				CLANG_WARN_OBJC_IMPLICIT_RETAIN_SELF = YES;
				CLANG_WARN_OBJC_LITERAL_CONVERSION = YES;
				CLANG_WARN_OBJC_ROOT_CLASS = YES_ERROR;
				CLANG_WARN_QUOTED_INCLUDE_IN_FRAMEWORK_HEADER = YES;
				CLANG_WARN_RANGE_LOOP_ANALYSIS = YES;
				CLANG_WARN_STRICT_PROTOTYPES = YES;
				CLANG_WARN_SUSPICIOUS_MOVE = YES;
				CLANG_WARN_UNGUARDED_AVAILABILITY = YES_AGGRESSIVE;
				CLANG_WARN_UNREACHABLE_CODE = YES;
				CLANG_WARN__DUPLICATE_METHOD_MATCH = YES;
				COPY_PHASE_STRIP = NO;
				DEBUG_INFORMATION_FORMAT = "dwarf-with-dsym";
				ENABLE_NS_ASSERTIONS = NO;
				ENABLE_STRICT_OBJC_MSGSEND = YES;
				GCC_C_LANGUAGE_STANDARD = gnu11;
				GCC_NO_COMMON_BLOCKS = YES;
				GCC_WARN_64_TO_32_BIT_CONVERSION = YES;
				GCC_WARN_ABOUT_RETURN_TYPE = YES_ERROR;
				GCC_WARN_UNDECLARED_SELECTOR = YES;
				GCC_WARN_UNINITIALIZED_AUTOS = YES_AGGRESSIVE;
				GCC_WARN_UNUSED_FUNCTION = YES;
				GCC_WARN_UNUSED_VARIABLE = YES;
				IPHONEOS_DEPLOYMENT_TARGET = 15.0;
				MACOSX_DEPLOYMENT_TARGET = 12.0;
				MTL_ENABLE_DEBUG_INFO = NO;
				MTL_FAST_MATH = YES;
				SWIFT_COMPILATION_MODE = wholemodule;
				SWIFT_OPTIMIZATION_LEVEL = "-O";
			};
			name = Release;
		};
		DF75D3172741BF9000BDF746 /* Debug */ = {
			isa = XCBuildConfiguration;
			buildSettings = {
				ASSETCATALOG_COMPILER_APPICON_NAME = AppIcon;
				ASSETCATALOG_COMPILER_GLOBAL_ACCENT_COLOR_NAME = AccentColor;
				CODE_SIGN_STYLE = Automatic;
				CURRENT_PROJECT_VERSION = 1;
				DEVELOPMENT_TEAM = RKF5B8L72N;
				ENABLE_PREVIEWS = YES;
				GENERATE_INFOPLIST_FILE = YES;
				INFOPLIST_KEY_UIApplicationSceneManifest_Generation = YES;
				INFOPLIST_KEY_UIApplicationSupportsIndirectInputEvents = YES;
				INFOPLIST_KEY_UILaunchScreen_Generation = YES;
				INFOPLIST_KEY_UISupportedInterfaceOrientations_iPad = "UIInterfaceOrientationPortrait UIInterfaceOrientationPortraitUpsideDown UIInterfaceOrientationLandscapeLeft UIInterfaceOrientationLandscapeRight";
				INFOPLIST_KEY_UISupportedInterfaceOrientations_iPhone = "UIInterfaceOrientationPortrait UIInterfaceOrientationLandscapeLeft UIInterfaceOrientationLandscapeRight";
				IPHONEOS_DEPLOYMENT_TARGET = 15.0;
				LD_RUNPATH_SEARCH_PATHS = (
					"$(inherited)",
					"@executable_path/Frameworks",
				);
				MARKETING_VERSION = 1.0;
				PRODUCT_BUNDLE_IDENTIFIER = "com.bob.json-bundle";
				PRODUCT_NAME = json_bundle;
				SDKROOT = iphoneos;
				SWIFT_EMIT_LOC_STRINGS = YES;
				SWIFT_VERSION = 5.0;
				TARGETED_DEVICE_FAMILY = "1,2";
			};
			name = Debug;
		};
		DF75D3182741BF9000BDF746 /* Release */ = {
			isa = XCBuildConfiguration;
			buildSettings = {
				ASSETCATALOG_COMPILER_APPICON_NAME = AppIcon;
				ASSETCATALOG_COMPILER_GLOBAL_ACCENT_COLOR_NAME = AccentColor;
				CODE_SIGN_STYLE = Automatic;
				CURRENT_PROJECT_VERSION = 1;
				DEVELOPMENT_TEAM = RKF5B8L72N;
				ENABLE_PREVIEWS = YES;
				GENERATE_INFOPLIST_FILE = YES;
				INFOPLIST_KEY_UIApplicationSceneManifest_Generation = YES;
				INFOPLIST_KEY_UIApplicationSupportsIndirectInputEvents = YES;
				INFOPLIST_KEY_UILaunchScreen_Generation = YES;
				INFOPLIST_KEY_UISupportedInterfaceOrientations_iPad = "UIInterfaceOrientationPortrait UIInterfaceOrientationPortraitUpsideDown UIInterfaceOrientationLandscapeLeft UIInterfaceOrientationLandscapeRight";
				INFOPLIST_KEY_UISupportedInterfaceOrientations_iPhone = "UIInterfaceOrientationPortrait UIInterfaceOrientationLandscapeLeft UIInterfaceOrientationLandscapeRight";
				IPHONEOS_DEPLOYMENT_TARGET = 15.0;
				LD_RUNPATH_SEARCH_PATHS = (
					"$(inherited)",
					"@executable_path/Frameworks",
				);
				MARKETING_VERSION = 1.0;
				PRODUCT_BUNDLE_IDENTIFIER = "com.bob.json-bundle";
				PRODUCT_NAME = json_bundle;
				SDKROOT = iphoneos;
				SWIFT_EMIT_LOC_STRINGS = YES;
				SWIFT_VERSION = 5.0;
				TARGETED_DEVICE_FAMILY = "1,2";
				VALIDATE_PRODUCT = YES;
			};
			name = Release;
		};
		DF75D31A2741BF9000BDF746 /* Debug */ = {
			isa = XCBuildConfiguration;
			buildSettings = {
				ASSETCATALOG_COMPILER_APPICON_NAME = AppIcon;
				ASSETCATALOG_COMPILER_GLOBAL_ACCENT_COLOR_NAME = AccentColor;
				CODE_SIGN_ENTITLEMENTS = macOS/macOS.entitlements;
				CODE_SIGN_STYLE = Automatic;
				COMBINE_HIDPI_IMAGES = YES;
				CURRENT_PROJECT_VERSION = 1;
				DEVELOPMENT_TEAM = RKF5B8L72N;
				ENABLE_HARDENED_RUNTIME = YES;
				ENABLE_PREVIEWS = YES;
				GENERATE_INFOPLIST_FILE = YES;
				INFOPLIST_KEY_NSHumanReadableCopyright = "";
				LD_RUNPATH_SEARCH_PATHS = (
					"$(inherited)",
					"@executable_path/../Frameworks",
				);
				MACOSX_DEPLOYMENT_TARGET = 12.0;
				MARKETING_VERSION = 1.0;
				PRODUCT_BUNDLE_IDENTIFIER = "com.bob.json-bundle";
				PRODUCT_NAME = json_bundle;
				SDKROOT = macosx;
				SWIFT_EMIT_LOC_STRINGS = YES;
				SWIFT_VERSION = 5.0;
			};
			name = Debug;
		};
		DF75D31B2741BF9000BDF746 /* Release */ = {
			isa = XCBuildConfiguration;
			buildSettings = {
				ASSETCATALOG_COMPILER_APPICON_NAME = AppIcon;
				ASSETCATALOG_COMPILER_GLOBAL_ACCENT_COLOR_NAME = AccentColor;
				CODE_SIGN_ENTITLEMENTS = macOS/macOS.entitlements;
				CODE_SIGN_STYLE = Automatic;
				COMBINE_HIDPI_IMAGES = YES;
				CURRENT_PROJECT_VERSION = 1;
				DEVELOPMENT_TEAM = RKF5B8L72N;
				ENABLE_HARDENED_RUNTIME = YES;
				ENABLE_PREVIEWS = YES;
				GENERATE_INFOPLIST_FILE = YES;
				INFOPLIST_KEY_NSHumanReadableCopyright = "";
				LD_RUNPATH_SEARCH_PATHS = (
					"$(inherited)",
					"@executable_path/../Frameworks",
				);
				MACOSX_DEPLOYMENT_TARGET = 12.0;
				MARKETING_VERSION = 1.0;
				PRODUCT_BUNDLE_IDENTIFIER = "com.bob.json-bundle";
				PRODUCT_NAME = json_bundle;
				SDKROOT = macosx;
				SWIFT_EMIT_LOC_STRINGS = YES;
				SWIFT_VERSION = 5.0;
			};
			name = Release;
		};
/* End XCBuildConfiguration section */

/* Begin XCConfigurationList section */
		DF75D2FC2741BF8F00BDF746 /* Build configuration list for PBXProject "json_bundle" */ = {
			isa = XCConfigurationList;
			buildConfigurations = (
				DF75D3142741BF9000BDF746 /* Debug */,
				DF75D3152741BF9000BDF746 /* Release */,
			);
			defaultConfigurationIsVisible = 0;
			defaultConfigurationName = Release;
		};
		DF75D3162741BF9000BDF746 /* Build configuration list for PBXNativeTarget "json_bundle (iOS)" */ = {
			isa = XCConfigurationList;
			buildConfigurations = (
				DF75D3172741BF9000BDF746 /* Debug */,
				DF75D3182741BF9000BDF746 /* Release */,
			);
			defaultConfigurationIsVisible = 0;
			defaultConfigurationName = Release;
		};
		DF75D3192741BF9000BDF746 /* Build configuration list for PBXNativeTarget "json_bundle (macOS)" */ = {
			isa = XCConfigurationList;
			buildConfigurations = (
				DF75D31A2741BF9000BDF746 /* Debug */,
				DF75D31B2741BF9000BDF746 /* Release */,
			);
			defaultConfigurationIsVisible = 0;
			defaultConfigurationName = Release;
		};
/* End XCConfigurationList section */
	};
	rootObject = DF75D2F92741BF8F00BDF746 /* Project object */;
}
